lockfileVersion: 5.4

specifiers:
  '@sindresorhus/slugify': ^2.1.1
  drnm: ^0.9.0
  yaml: ^2.1.3

devDependencies:
  '@sindresorhus/slugify': 2.1.1
  drnm: 0.9.0
  yaml: 2.1.3

packages:

  /@sindresorhus/slugify/2.1.1:
    resolution: {integrity: sha512-XokPHZ+q6FtQGEi1hnfvARVJJVPEhwHQTPHPPuNHaN6zcHjzYNynhhHMopa1wNPqLAFOwpsbintunEqWecXJMg==}
    engines: {node: '>=12'}
    dependencies:
      '@sindresorhus/transliterate': 1.5.0
      escape-string-regexp: 5.0.0
    dev: true

  /@sindresorhus/transliterate/1.5.0:
    resolution: {integrity: sha512-/sfSkoNelLq5riqNRp5uBjHIKBi1MWZk9ubRT1WiBQuTfmDf7BeQkph2DJzRB83QagMPHk2VDjuvpy0VuwyzdA==}
    engines: {node: '>=12'}
    dependencies:
      escape-string-regexp: 5.0.0
      lodash.deburr: 4.1.0
    dev: true

  /drnm/0.9.0:
    resolution: {integrity: sha512-ZNkurkg7xoWPQNTf4TfUxS/lvm+zPve01xjLS/RUWCPr6OB3zBlM4Y2dIXkR6NsELojppfum8+wdWZ0vnjdwmg==}
    dev: true

  /escape-string-regexp/5.0.0:
    resolution: {integrity: sha512-/veY75JbMK4j1yjvuUxuVsiS/hr/4iHs9FTT6cgTexxdE0Ly/glccBAkloH/DofkjRbZU3bnoj38mOmhkZ0lHw==}
    engines: {node: '>=12'}
    dev: true

  /lodash.deburr/4.1.0:
    resolution: {integrity: sha512-m/M1U1f3ddMCs6Hq2tAsYThTBDaAKFDX3dwDo97GEYzamXi9SqUpjWi/Rrj/gf3X2n8ktwgZrlP1z6E3v/IExQ==}
    dev: true

  /yaml/2.1.3:
    resolution: {integrity: sha512-AacA8nRULjKMX2DvWvOAdBZMOfQlypSFkjcOcu9FalllIDJ1kvlREzcdIZmidQUqqeMv7jorHjq2HlLv/+c2lg==}
    engines: {node: '>= 14'}
    dev: true
